
Microsoft Visual Studio Solution File, Format Version 12.00
# Visual Studio Version 16
VisualStudioVersion = 16.0.30804.86
MinimumVisualStudioVersion = 10.0.40219.1
Project("{FAE04EC0-301F-11D3-BF4B-00C04F79EFBC}") = "MVVMDemo", "MVVMDemo\MVVMDemo.csproj", "{5E6F5029-81E6-464F-BBC9-B8B18412185D}"
EndProject
Global
	GlobalSection(SolutionConfigurationPlatforms) = preSolution
		Debug|Any CPU = Debug|Any CPU
		Release|Any CPU = Release|Any CPU
	EndGlobalSection
	GlobalSection(ProjectConfigurationPlatforms) = postSolution
		{5E6F5029-81E6-464F-BBC9-B8B18412185D}.Debug|Any CPU.ActiveCfg = Debug|Any CPU
		{5E6F5029-81E6-464F-BBC9-B8B18412185D}.Debug|Any CPU.Build.0 = Debug|Any CPU
		{5E6F5029-81E6-464F-BBC9-B8B18412185D}.Release|Any CPU.ActiveCfg = Release|Any CPU
		{5E6F5029-81E6-464F-BBC9-B8B18412185D}.Release|Any CPU.Build.0 = Release|Any CPU
	EndGlobalSection
	GlobalSection(SolutionProperties) = preSolution
		HideSolutionNode = FALSE
	EndGlobalSection
	GlobalSection(ExtensibilityGlobals) = postSolution
		SolutionGuid = {65284AFF-8CEE-40BB-B7E8-B64F70E8740F}
	EndGlobalSection
EndGlobal
